
Microsoft Visual Studio Solution File, Format Version 12.00
# Visual Studio Version 17
VisualStudioVersion = 17.6.33513.286
MinimumVisualStudioVersion = 10.0.40219.1
Project("{9A19103F-16F7-4668-BE54-9A1E7A4F7556}") = "BlazorUI", "BlazorUI\BlazorUI.csproj", "{B71DF7D3-2502-4CA8-91BA-96622EBF4D00}"
EndProject
Project("{9A19103F-16F7-4668-BE54-9A1E7A4F7556}") = "BlazorUI.Application", "Core\BlazorUI.Application.csproj", "{998A49D6-B676-4782-9746-B7664F07F8D2}"
EndProject
Project("{FAE04EC0-301F-11D3-BF4B-00C04F79EFBC}") = "BlazorUI.Api", "Api\BlazorUI.Api\BlazorUI.Api.csproj", "{933C092A-3D0D-4794-AADD-48B5907042A2}"
EndProject
Global
	GlobalSection(SolutionConfigurationPlatforms) = preSolution
		Debug|Any CPU = Debug|Any CPU
		Release|Any CPU = Release|Any CPU
	EndGlobalSection
	GlobalSection(ProjectConfigurationPlatforms) = postSolution
		{B71DF7D3-2502-4CA8-91BA-96622EBF4D00}.Debug|Any CPU.ActiveCfg = Debug|Any CPU
		{B71DF7D3-2502-4CA8-91BA-96622EBF4D00}.Debug|Any CPU.Build.0 = Debug|Any CPU
		{B71DF7D3-2502-4CA8-91BA-96622EBF4D00}.Release|Any CPU.ActiveCfg = Release|Any CPU
		{B71DF7D3-2502-4CA8-91BA-96622EBF4D00}.Release|Any CPU.Build.0 = Release|Any CPU
		{998A49D6-B676-4782-9746-B7664F07F8D2}.Debug|Any CPU.ActiveCfg = Debug|Any CPU
		{998A49D6-B676-4782-9746-B7664F07F8D2}.Debug|Any CPU.Build.0 = Debug|Any CPU
		{998A49D6-B676-4782-9746-B7664F07F8D2}.Release|Any CPU.ActiveCfg = Release|Any CPU
		{998A49D6-B676-4782-9746-B7664F07F8D2}.Release|Any CPU.Build.0 = Release|Any CPU
		{933C092A-3D0D-4794-AADD-48B5907042A2}.Debug|Any CPU.ActiveCfg = Debug|Any CPU
		{933C092A-3D0D-4794-AADD-48B5907042A2}.Debug|Any CPU.Build.0 = Debug|Any CPU
		{933C092A-3D0D-4794-AADD-48B5907042A2}.Release|Any CPU.ActiveCfg = Release|Any CPU
		{933C092A-3D0D-4794-AADD-48B5907042A2}.Release|Any CPU.Build.0 = Release|Any CPU
	EndGlobalSection
	GlobalSection(SolutionProperties) = preSolution
		HideSolutionNode = FALSE
	EndGlobalSection
	GlobalSection(ExtensibilityGlobals) = postSolution
		SolutionGuid = {8E970BF6-38B1-4441-A9BE-6261710039C7}
	EndGlobalSection
EndGlobal
